
Microsoft Visual Studio Solution File, Format Version 12.00
# Visual Studio Version 17
VisualStudioVersion = 17.4.33205.214
MinimumVisualStudioVersion = 10.0.40219.1
Project("{9A19103F-16F7-4668-BE54-9A1E7A4F7556}") = "VOD.Token.API", "VOD.Token.API\VOD.Token.API.csproj", "{24FDE4F5-289A-4273-855D-6A25A975F8C0}"
EndProject
Project("{9A19103F-16F7-4668-BE54-9A1E7A4F7556}") = "VOD.User.Database", "VOD.User.Database\VOD.User.Database.csproj", "{6B81EBB4-9357-4639-83CF-E9A5AB273BAB}"
EndProject
Project("{9A19103F-16F7-4668-BE54-9A1E7A4F7556}") = "VOD.Users.API", "VOD.Users.API\VOD.Users.API.csproj", "{27F47471-C034-446C-A7C0-DC5166EB5687}"
EndProject
Project("{9A19103F-16F7-4668-BE54-9A1E7A4F7556}") = "VOD.UI", "VOD.UI\VOD.UI.csproj", "{2A5BEC08-8410-4464-B975-E8FACB2FEB41}"
EndProject
Project("{9A19103F-16F7-4668-BE54-9A1E7A4F7556}") = "VOD.Authentication", "VOD.Authentication\VOD.Authentication.csproj", "{3D1FBE1F-AC1E-46C1-A74B-921EF15B6C6F}"
EndProject
Project("{9A19103F-16F7-4668-BE54-9A1E7A4F7556}") = "VOD.Application.Database", "VOD.Application.Database\VOD.Application.Database.csproj", "{A1D7D7A0-AAC6-43C1-AAA0-A40D00EBC3CA}"
EndProject
Project("{9A19103F-16F7-4668-BE54-9A1E7A4F7556}") = "VOD.Application.API", "VOD.Application.API\VOD.Application.API.csproj", "{31563AFA-A329-4F6A-9063-62F126253B8C}"
EndProject
Project("{9A19103F-16F7-4668-BE54-9A1E7A4F7556}") = "VOD.Application.Common", "VOD.Application.Common\VOD.Application.Common.csproj", "{637C20AE-7371-4D49-9387-9C33B8B9685C}"
EndProject
Global
	GlobalSection(SolutionConfigurationPlatforms) = preSolution
		Debug|Any CPU = Debug|Any CPU
		Release|Any CPU = Release|Any CPU
	EndGlobalSection
	GlobalSection(ProjectConfigurationPlatforms) = postSolution
		{24FDE4F5-289A-4273-855D-6A25A975F8C0}.Debug|Any CPU.ActiveCfg = Debug|Any CPU
		{24FDE4F5-289A-4273-855D-6A25A975F8C0}.Debug|Any CPU.Build.0 = Debug|Any CPU
		{24FDE4F5-289A-4273-855D-6A25A975F8C0}.Release|Any CPU.ActiveCfg = Release|Any CPU
		{24FDE4F5-289A-4273-855D-6A25A975F8C0}.Release|Any CPU.Build.0 = Release|Any CPU
		{6B81EBB4-9357-4639-83CF-E9A5AB273BAB}.Debug|Any CPU.ActiveCfg = Debug|Any CPU
		{6B81EBB4-9357-4639-83CF-E9A5AB273BAB}.Debug|Any CPU.Build.0 = Debug|Any CPU
		{6B81EBB4-9357-4639-83CF-E9A5AB273BAB}.Release|Any CPU.ActiveCfg = Release|Any CPU
		{6B81EBB4-9357-4639-83CF-E9A5AB273BAB}.Release|Any CPU.Build.0 = Release|Any CPU
		{27F47471-C034-446C-A7C0-DC5166EB5687}.Debug|Any CPU.ActiveCfg = Debug|Any CPU
		{27F47471-C034-446C-A7C0-DC5166EB5687}.Debug|Any CPU.Build.0 = Debug|Any CPU
		{27F47471-C034-446C-A7C0-DC5166EB5687}.Release|Any CPU.ActiveCfg = Release|Any CPU
		{27F47471-C034-446C-A7C0-DC5166EB5687}.Release|Any CPU.Build.0 = Release|Any CPU
		{2A5BEC08-8410-4464-B975-E8FACB2FEB41}.Debug|Any CPU.ActiveCfg = Debug|Any CPU
		{2A5BEC08-8410-4464-B975-E8FACB2FEB41}.Debug|Any CPU.Build.0 = Debug|Any CPU
		{2A5BEC08-8410-4464-B975-E8FACB2FEB41}.Release|Any CPU.ActiveCfg = Release|Any CPU
		{2A5BEC08-8410-4464-B975-E8FACB2FEB41}.Release|Any CPU.Build.0 = Release|Any CPU
		{3D1FBE1F-AC1E-46C1-A74B-921EF15B6C6F}.Debug|Any CPU.ActiveCfg = Debug|Any CPU
		{3D1FBE1F-AC1E-46C1-A74B-921EF15B6C6F}.Debug|Any CPU.Build.0 = Debug|Any CPU
		{3D1FBE1F-AC1E-46C1-A74B-921EF15B6C6F}.Release|Any CPU.ActiveCfg = Release|Any CPU
		{3D1FBE1F-AC1E-46C1-A74B-921EF15B6C6F}.Release|Any CPU.Build.0 = Release|Any CPU
		{A1D7D7A0-AAC6-43C1-AAA0-A40D00EBC3CA}.Debug|Any CPU.ActiveCfg = Debug|Any CPU
		{A1D7D7A0-AAC6-43C1-AAA0-A40D00EBC3CA}.Debug|Any CPU.Build.0 = Debug|Any CPU
		{A1D7D7A0-AAC6-43C1-AAA0-A40D00EBC3CA}.Release|Any CPU.ActiveCfg = Release|Any CPU
		{A1D7D7A0-AAC6-43C1-AAA0-A40D00EBC3CA}.Release|Any CPU.Build.0 = Release|Any CPU
		{31563AFA-A329-4F6A-9063-62F126253B8C}.Debug|Any CPU.ActiveCfg = Debug|Any CPU
		{31563AFA-A329-4F6A-9063-62F126253B8C}.Debug|Any CPU.Build.0 = Debug|Any CPU
		{31563AFA-A329-4F6A-9063-62F126253B8C}.Release|Any CPU.ActiveCfg = Release|Any CPU
		{31563AFA-A329-4F6A-9063-62F126253B8C}.Release|Any CPU.Build.0 = Release|Any CPU
		{637C20AE-7371-4D49-9387-9C33B8B9685C}.Debug|Any CPU.ActiveCfg = Debug|Any CPU
		{637C20AE-7371-4D49-9387-9C33B8B9685C}.Debug|Any CPU.Build.0 = Debug|Any CPU
		{637C20AE-7371-4D49-9387-9C33B8B9685C}.Release|Any CPU.ActiveCfg = Release|Any CPU
		{637C20AE-7371-4D49-9387-9C33B8B9685C}.Release|Any CPU.Build.0 = Release|Any CPU
	EndGlobalSection
	GlobalSection(SolutionProperties) = preSolution
		HideSolutionNode = FALSE
	EndGlobalSection
	GlobalSection(ExtensibilityGlobals) = postSolution
		SolutionGuid = {E7E66A65-0AEF-4BE3-AB1C-5DBE5ECAE058}
	EndGlobalSection
EndGlobal
